hash: 3df833bcfc560a0428af7d663bfdd9df8dd1aa8b002942d21fb3b47bc6651123
updated: 2017-06-13T13:53:30.205783646+02:00
imports:
- name: github.com/bborbe/cron
  version: 20d491ed207180aacf635b2006c0c293fd2ab9e1
- name: github.com/bborbe/flagenv
  version: 4bf10dbe62f41ce40353a70225a84decfd16d3ac
- name: github.com/bborbe/io
  version: 8c22cf733cf166b247318b0786eec0c7cad9208a
  subpackages:
  - util
- name: github.com/golang/glog
  version: 23def4e6c14b4da8ac2ed8007337bc5eb5007998
- name: github.com/robfig/cron
  version: 736158dc09e10f1911ca3a1e1b01f11b566ce5db
- name: golang.org/x/crypto
  version: e7ba82683099cae71475961448ab8f903ea77c26
  subpackages:
  - curve25519
  - ed25519
  - ed25519/internal/edwards25519
  - ssh
testImports:
- name: github.com/bborbe/assert
  version: 2448f69a8cb98ee9e5744f678477959100ceb9d4
