# This file is autogenerated, do not edit; changes may be undone by the next 'dep ensure'.


[[projects]]
  branch = "master"
  name = "github.com/bborbe/assert"
  packages = ["."]
  revision = "765570a0aaf5913880d33fee2dd7e4c52b294021"

[[projects]]
  name = "github.com/bborbe/backup_rsync"
  packages = [
    "archiver",
    "model",
    "remote",
    "rsync"
  ]
  revision = "8722b26d3d33f06e77448464d3149b26076bd4f3"
  version = "1.0.1"

[[projects]]
  branch = "master"
  name = "github.com/bborbe/cron"
  packages = ["."]
  revision = "c6a3d608aa5caa735b0b788fc1b26e04266e403a"

[[projects]]
  branch = "master"
  name = "github.com/bborbe/flagenv"
  packages = ["."]
  revision = "4bf10dbe62f41ce40353a70225a84decfd16d3ac"

[[projects]]
  branch = "master"
  name = "github.com/bborbe/io"
  packages = ["util"]
  revision = "8c22cf733cf166b247318b0786eec0c7cad9208a"

[[projects]]
  branch = "master"
  name = "github.com/golang/glog"
  packages = ["."]
  revision = "23def4e6c14b4da8ac2ed8007337bc5eb5007998"

[[projects]]
  name = "github.com/robfig/cron"
  packages = ["."]
  revision = "b024fc5ea0e34bc3f83d9941c8d60b0622bfaca4"
  version = "v1"

[[projects]]
  branch = "master"
  name = "golang.org/x/crypto"
  packages = [
    "curve25519",
    "ed25519",
    "ed25519/internal/edwards25519",
    "internal/chacha20",
    "poly1305",
    "ssh"
  ]
  revision = "e73bf333ef8920dbb52ad18d4bd38ad9d9bc76d7"

[solve-meta]
  analyzer-name = "dep"
  analyzer-version = 1
  inputs-digest = "847ba0d6b24683889deaad9b422fc2ad18b7e02ee3ad9269a8d8a71411e6e97a"
  solver-name = "gps-cdcl"
  solver-version = 1
